
Microsoft Visual Studio Solution File, Format Version 12.00
# Visual Studio Version 17
VisualStudioVersion = 17.7.34221.43
MinimumVisualStudioVersion = 10.0.40219.1
Project("{FAE04EC0-301F-11D3-BF4B-00C04F79EFBC}") = "My_Portfolio", "My_Portfolio\My_Portfolio.csproj", "{A3DBD29A-EA83-455A-8B40-9CC42C207789}"
EndProject
Global
	GlobalSection(SolutionConfigurationPlatforms) = preSolution
		Debug|Any CPU = Debug|Any CPU
		Release|Any CPU = Release|Any CPU
	EndGlobalSection
	GlobalSection(ProjectConfigurationPlatforms) = postSolution
		{A3DBD29A-EA83-455A-8B40-9CC42C207789}.Debug|Any CPU.ActiveCfg = Debug|Any CPU
		{A3DBD29A-EA83-455A-8B40-9CC42C207789}.Debug|Any CPU.Build.0 = Debug|Any CPU
		{A3DBD29A-EA83-455A-8B40-9CC42C207789}.Release|Any CPU.ActiveCfg = Release|Any CPU
		{A3DBD29A-EA83-455A-8B40-9CC42C207789}.Release|Any CPU.Build.0 = Release|Any CPU
	EndGlobalSection
	GlobalSection(SolutionProperties) = preSolution
		HideSolutionNode = FALSE
	EndGlobalSection
	GlobalSection(ExtensibilityGlobals) = postSolution
		SolutionGuid = {E696A014-094E-4F61-A6ED-2423BA2A5F14}
	EndGlobalSection
EndGlobal
